
Microsoft Visual Studio Solution File, Format Version 12.00
# Visual Studio Version 16
VisualStudioVersion = 16.0.32510.428
MinimumVisualStudioVersion = 10.0.40219.1
Project("{FAE04EC0-301F-11D3-BF4B-00C04F79EFBC}") = "Passwd_Generator", "Passwd_Generator\Passwd_Generator.csproj", "{B6000DFC-57B6-4851-9AEE-124F57B54BF7}"
EndProject
Global
	GlobalSection(SolutionConfigurationPlatforms) = preSolution
		Debug|Any CPU = Debug|Any CPU
		Release|Any CPU = Release|Any CPU
	EndGlobalSection
	GlobalSection(ProjectConfigurationPlatforms) = postSolution
		{B6000DFC-57B6-4851-9AEE-124F57B54BF7}.Debug|Any CPU.ActiveCfg = Debug|Any CPU
		{B6000DFC-57B6-4851-9AEE-124F57B54BF7}.Debug|Any CPU.Build.0 = Debug|Any CPU
		{B6000DFC-57B6-4851-9AEE-124F57B54BF7}.Release|Any CPU.ActiveCfg = Release|Any CPU
		{B6000DFC-57B6-4851-9AEE-124F57B54BF7}.Release|Any CPU.Build.0 = Release|Any CPU
	EndGlobalSection
	GlobalSection(SolutionProperties) = preSolution
		HideSolutionNode = FALSE
	EndGlobalSection
	GlobalSection(ExtensibilityGlobals) = postSolution
		SolutionGuid = {FAB4A581-7C45-4D9E-B66F-7319FC53E426}
	EndGlobalSection
EndGlobal
